
Microsoft Visual Studio Solution File, Format Version 12.00
# Visual Studio 2013
VisualStudioVersion = 12.0.40629.0
MinimumVisualStudioVersion = 10.0.40219.1
Project("{FAE04EC0-301F-11D3-BF4B-00C04F79EFBC}") = "AngularWebApi", "AngularWebApi.csproj", "{5F302020-FB9B-47B3-9491-61E31A153896}"
EndProject
Project("{FAE04EC0-301F-11D3-BF4B-00C04F79EFBC}") = "Services", "Services\Services.csproj", "{E7EFB48C-5496-49B2-9AD6-34C8A3B900D0}"
EndProject
Global
	GlobalSection(SolutionConfigurationPlatforms) = preSolution
		Debug|Any CPU = Debug|Any CPU
		Release|Any CPU = Release|Any CPU
	EndGlobalSection
	GlobalSection(ProjectConfigurationPlatforms) = postSolution
		{5F302020-FB9B-47B3-9491-61E31A153896}.Debug|Any CPU.ActiveCfg = Debug|Any CPU
		{5F302020-FB9B-47B3-9491-61E31A153896}.Debug|Any CPU.Build.0 = Debug|Any CPU
		{5F302020-FB9B-47B3-9491-61E31A153896}.Release|Any CPU.ActiveCfg = Release|Any CPU
		{5F302020-FB9B-47B3-9491-61E31A153896}.Release|Any CPU.Build.0 = Release|Any CPU
		{E7EFB48C-5496-49B2-9AD6-34C8A3B900D0}.Debug|Any CPU.ActiveCfg = Debug|Any CPU
		{E7EFB48C-5496-49B2-9AD6-34C8A3B900D0}.Debug|Any CPU.Build.0 = Debug|Any CPU
		{E7EFB48C-5496-49B2-9AD6-34C8A3B900D0}.Release|Any CPU.ActiveCfg = Release|Any CPU
		{E7EFB48C-5496-49B2-9AD6-34C8A3B900D0}.Release|Any CPU.Build.0 = Release|Any CPU
	EndGlobalSection
	GlobalSection(SolutionProperties) = preSolution
		HideSolutionNode = FALSE
	EndGlobalSection
EndGlobal
